Microsoft Visual Studio Solution File, Format Version 12.00
# Visual Studio Version 17
VisualStudioVersion = 17.14.36203.30
MinimumVisualStudioVersion = 10.0.40219.1
Project("{FAE04EC0-301F-11D3-BF4B-00C04F79EFBC}") = "TesteVsoft.AppHost", "TesteVsoft.AppHost\TesteVsoft.AppHost.csproj", "{0F5B8E67-09A7-44D2-B5EA-2EECA399BE46}"
EndProject
Project("{FAE04EC0-301F-11D3-BF4B-00C04F79EFBC}") = "TesteVsoft.ServiceDefaults", "TesteVsoft.ServiceDefaults\TesteVsoft.ServiceDefaults.csproj", "{238C4DE5-354E-2AEC-CD18-B9E6A5B61E72}"
EndProject
Project("{FAE04EC0-301F-11D3-BF4B-00C04F79EFBC}") = "TesteVsoft.ApiService", "TesteVsoft.ApiService\TesteVsoft.ApiService.csproj", "{63ADEC25-2854-2A0B-78BB-B957C3C3AEA0}"
EndProject
Project("{2150E333-8FDC-42A3-9474-1A3956D46DE8}") = "src", "src", "{02EA681E-C7D8-13C7-8484-4AC65E1B71E8}"
EndProject
Project("{2150E333-8FDC-42A3-9474-1A3956D46DE8}") = "tests", "tests", "{8B9F266B-2545-432D-A64B-D059BA2EB033}"
EndProject
Project("{FAE04EC0-301F-11D3-BF4B-00C04F79EFBC}") = "TesteVsoft.Domain", "TesteVsoft.Domain\TesteVsoft.Domain.csproj", "{FEB00808-E77F-46B2-80F1-6ADC247A7D66}"
EndProject
Project("{FAE04EC0-301F-11D3-BF4B-00C04F79EFBC}") = "TesteVsoft.Application", "TesteVsoft.Application\TesteVsoft.Application.csproj", "{6A1B6F82-6DB7-D662-C202-E725753F14B3}"
EndProject
Project("{FAE04EC0-301F-11D3-BF4B-00C04F79EFBC}") = "TesteVsoft.Infrastructure", "TesteVsoft.Infrastructure\TesteVsoft.Infrastructure.csproj", "{73A13504-DEDF-9B2B-4A71-F3DA1C23EB0D}"
EndProject
Project("{FAE04EC0-301F-11D3-BF4B-00C04F79EFBC}") = "TesteVsoft.Infrastructure.Tests", "TesteVsoft.Infrastructure.Tests\TesteVsoft.Infrastructure.Tests.csproj", "{430CF7A3-E945-4A52-8C43-9B608855970A}"
EndProject
Project("{FAE04EC0-301F-11D3-BF4B-00C04F79EFBC}") = "TesteVsoft.MigrationService", "TesteVsoft.MigrationService\TesteVsoft.MigrationService.csproj", "{4615D9AB-9818-0FA3-8EAE-A636B9418187}"
EndProject
Project("{FAE04EC0-301F-11D3-BF4B-00C04F79EFBC}") = "TesteVsoft.Domain.Tests", "TesteVsoft.Domain.Tests\TesteVsoft.Domain.Tests.csproj", "{6DA627B1-0E56-2FE1-42B6-E1414AEF5809}"
EndProject
Project("{FAE04EC0-301F-11D3-BF4B-00C04F79EFBC}") = "TesteVsoft.Application.Tests", "TesteVsoft.Application.Tests\TesteVsoft.Application.Tests.csproj", "{6FD8D12B-219D-F592-E2BA-C846EC1352E9}"
EndProject
Project("{FAE04EC0-301F-11D3-BF4B-00C04F79EFBC}") = "TesteVsoft.ApiService.Tests", "TesteVsoft.ApiService.Tests\TesteVsoft.ApiService.Tests.csproj", "{5D42DB3A-96B6-45BF-99C0-A743EF8DD85F}"
EndProject
Global
	GlobalSection(SolutionConfigurationPlatforms) = preSolution
		Debug|Any CPU = Debug|Any CPU
		Release|Any CPU = Release|Any CPU
	EndGlobalSection
	GlobalSection(ProjectConfigurationPlatforms) = postSolution
		{0F5B8E67-09A7-44D2-B5EA-2EECA399BE46}.Debug|Any CPU.ActiveCfg = Debug|Any CPU
		{0F5B8E67-09A7-44D2-B5EA-2EECA399BE46}.Debug|Any CPU.Build.0 = Debug|Any CPU
		{0F5B8E67-09A7-44D2-B5EA-2EECA399BE46}.Release|Any CPU.ActiveCfg = Release|Any CPU
		{0F5B8E67-09A7-44D2-B5EA-2EECA399BE46}.Release|Any CPU.Build.0 = Release|Any CPU
		{238C4DE5-354E-2AEC-CD18-B9E6A5B61E72}.Debug|Any CPU.ActiveCfg = Debug|Any CPU
		{238C4DE5-354E-2AEC-CD18-B9E6A5B61E72}.Debug|Any CPU.Build.0 = Debug|Any CPU
		{238C4DE5-354E-2AEC-CD18-B9E6A5B61E72}.Release|Any CPU.ActiveCfg = Release|Any CPU
		{238C4DE5-354E-2AEC-CD18-B9E6A5B61E72}.Release|Any CPU.Build.0 = Release|Any CPU
		{63ADEC25-2854-2A0B-78BB-B957C3C3AEA0}.Debug|Any CPU.ActiveCfg = Debug|Any CPU
		{63ADEC25-2854-2A0B-78BB-B957C3C3AEA0}.Debug|Any CPU.Build.0 = Debug|Any CPU
		{63ADEC25-2854-2A0B-78BB-B957C3C3AEA0}.Release|Any CPU.ActiveCfg = Release|Any CPU
		{63ADEC25-2854-2A0B-78BB-B957C3C3AEA0}.Release|Any CPU.Build.0 = Release|Any CPU
		{FEB00808-E77F-46B2-80F1-6ADC247A7D66}.Debug|Any CPU.ActiveCfg = Debug|Any CPU
		{FEB00808-E77F-46B2-80F1-6ADC247A7D66}.Debug|Any CPU.Build.0 = Debug|Any CPU
		{FEB00808-E77F-46B2-80F1-6ADC247A7D66}.Release|Any CPU.ActiveCfg = Release|Any CPU
		{FEB00808-E77F-46B2-80F1-6ADC247A7D66}.Release|Any CPU.Build.0 = Release|Any CPU
		{6A1B6F82-6DB7-D662-C202-E725753F14B3}.Debug|Any CPU.ActiveCfg = Debug|Any CPU
		{6A1B6F82-6DB7-D662-C202-E725753F14B3}.Debug|Any CPU.Build.0 = Debug|Any CPU
		{6A1B6F82-6DB7-D662-C202-E725753F14B3}.Release|Any CPU.ActiveCfg = Release|Any CPU
		{6A1B6F82-6DB7-D662-C202-E725753F14B3}.Release|Any CPU.Build.0 = Release|Any CPU
		{73A13504-DEDF-9B2B-4A71-F3DA1C23EB0D}.Debug|Any CPU.ActiveCfg = Debug|Any CPU
		{73A13504-DEDF-9B2B-4A71-F3DA1C23EB0D}.Debug|Any CPU.Build.0 = Debug|Any CPU
		{73A13504-DEDF-9B2B-4A71-F3DA1C23EB0D}.Release|Any CPU.ActiveCfg = Release|Any CPU
		{73A13504-DEDF-9B2B-4A71-F3DA1C23EB0D}.Release|Any CPU.Build.0 = Release|Any CPU
		{430CF7A3-E945-4A52-8C43-9B608855970A}.Debug|Any CPU.ActiveCfg = Debug|Any CPU
		{430CF7A3-E945-4A52-8C43-9B608855970A}.Debug|Any CPU.Build.0 = Debug|Any CPU
		{430CF7A3-E945-4A52-8C43-9B608855970A}.Release|Any CPU.ActiveCfg = Release|Any CPU
		{430CF7A3-E945-4A52-8C43-9B608855970A}.Release|Any CPU.Build.0 = Release|Any CPU
		{4615D9AB-9818-0FA3-8EAE-A636B9418187}.Debug|Any CPU.ActiveCfg = Debug|Any CPU
		{4615D9AB-9818-0FA3-8EAE-A636B9418187}.Debug|Any CPU.Build.0 = Debug|Any CPU
		{4615D9AB-9818-0FA3-8EAE-A636B9418187}.Release|Any CPU.ActiveCfg = Release|Any CPU
		{4615D9AB-9818-0FA3-8EAE-A636B9418187}.Release|Any CPU.Build.0 = Release|Any CPU
		{6DA627B1-0E56-2FE1-42B6-E1414AEF5809}.Debug|Any CPU.ActiveCfg = Debug|Any CPU
		{6DA627B1-0E56-2FE1-42B6-E1414AEF5809}.Debug|Any CPU.Build.0 = Debug|Any CPU
		{6DA627B1-0E56-2FE1-42B6-E1414AEF5809}.Release|Any CPU.ActiveCfg = Release|Any CPU
		{6DA627B1-0E56-2FE1-42B6-E1414AEF5809}.Release|Any CPU.Build.0 = Release|Any CPU
		{6FD8D12B-219D-F592-E2BA-C846EC1352E9}.Debug|Any CPU.ActiveCfg = Debug|Any CPU
		{6FD8D12B-219D-F592-E2BA-C846EC1352E9}.Debug|Any CPU.Build.0 = Debug|Any CPU
		{6FD8D12B-219D-F592-E2BA-C846EC1352E9}.Release|Any CPU.ActiveCfg = Release|Any CPU
		{6FD8D12B-219D-F592-E2BA-C846EC1352E9}.Release|Any CPU.Build.0 = Release|Any CPU
		{5D42DB3A-96B6-45BF-99C0-A743EF8DD85F}.Debug|Any CPU.ActiveCfg = Debug|Any CPU
		{5D42DB3A-96B6-45BF-99C0-A743EF8DD85F}.Debug|Any CPU.Build.0 = Debug|Any CPU
		{5D42DB3A-96B6-45BF-99C0-A743EF8DD85F}.Release|Any CPU.ActiveCfg = Release|Any CPU
		{5D42DB3A-96B6-45BF-99C0-A743EF8DD85F}.Release|Any CPU.Build.0 = Release|Any CPU
	EndGlobalSection
	GlobalSection(SolutionProperties) = preSolution
		HideSolutionNode = FALSE
	EndGlobalSection
	GlobalSection(NestedProjects) = preSolution
		{0F5B8E67-09A7-44D2-B5EA-2EECA399BE46} = {02EA681E-C7D8-13C7-8484-4AC65E1B71E8}
		{238C4DE5-354E-2AEC-CD18-B9E6A5B61E72} = {02EA681E-C7D8-13C7-8484-4AC65E1B71E8}
		{63ADEC25-2854-2A0B-78BB-B957C3C3AEA0} = {02EA681E-C7D8-13C7-8484-4AC65E1B71E8}
		{FEB00808-E77F-46B2-80F1-6ADC247A7D66} = {02EA681E-C7D8-13C7-8484-4AC65E1B71E8}
		{6A1B6F82-6DB7-D662-C202-E725753F14B3} = {02EA681E-C7D8-13C7-8484-4AC65E1B71E8}
		{73A13504-DEDF-9B2B-4A71-F3DA1C23EB0D} = {02EA681E-C7D8-13C7-8484-4AC65E1B71E8}
		{430CF7A3-E945-4A52-8C43-9B608855970A} = {8B9F266B-2545-432D-A64B-D059BA2EB033}
		{4615D9AB-9818-0FA3-8EAE-A636B9418187} = {02EA681E-C7D8-13C7-8484-4AC65E1B71E8}
		{6DA627B1-0E56-2FE1-42B6-E1414AEF5809} = {8B9F266B-2545-432D-A64B-D059BA2EB033}
		{6FD8D12B-219D-F592-E2BA-C846EC1352E9} = {8B9F266B-2545-432D-A64B-D059BA2EB033}
		{5D42DB3A-96B6-45BF-99C0-A743EF8DD85F} = {8B9F266B-2545-432D-A64B-D059BA2EB033}
	EndGlobalSection
	GlobalSection(ExtensibilityGlobals) = postSolution
		SolutionGuid = {80E02D40-1673-48A1-9644-757594D9A021}
	EndGlobalSection
EndGlobal
